
Microsoft Visual Studio Solution File, Format Version 12.00
# Visual Studio 15
VisualStudioVersion = 15.0.28307.136
MinimumVisualStudioVersion = 10.0.40219.1
Project("{9A19103F-16F7-4668-BE54-9A1E7A4F7556}") = "DataServer", "DataServer.csproj", "{CD53C6F9-5195-4C12-94F5-A4AB80CBA515}"
EndProject
Global
	GlobalSection(SolutionConfigurationPlatforms) = preSolution
		Debug|Any CPU = Debug|Any CPU
		Release|Any CPU = Release|Any CPU
	EndGlobalSection
	GlobalSection(ProjectConfigurationPlatforms) = postSolution
		{CD53C6F9-5195-4C12-94F5-A4AB80CBA515}.Debug|Any CPU.ActiveCfg = Debug|Any CPU
		{CD53C6F9-5195-4C12-94F5-A4AB80CBA515}.Debug|Any CPU.Build.0 = Debug|Any CPU
		{CD53C6F9-5195-4C12-94F5-A4AB80CBA515}.Release|Any CPU.ActiveCfg = Release|Any CPU
		{CD53C6F9-5195-4C12-94F5-A4AB80CBA515}.Release|Any CPU.Build.0 = Release|Any CPU
	EndGlobalSection
	GlobalSection(SolutionProperties) = preSolution
		HideSolutionNode = FALSE
	EndGlobalSection
	GlobalSection(ExtensibilityGlobals) = postSolution
		SolutionGuid = {A3B024B6-9E3F-421B-BB2C-BC641A5A640A}
	EndGlobalSection
EndGlobal
