
Microsoft Visual Studio Solution File, Format Version 12.00
# Visual Studio 15
VisualStudioVersion = 15.0.28307.136
MinimumVisualStudioVersion = 10.0.40219.1
Project("{9A19103F-16F7-4668-BE54-9A1E7A4F7556}") = "GatewayServer", "GatewayServer.csproj", "{8616AA95-6C57-45A2-BB29-2E7B3867A12E}"
EndProject
Global
	GlobalSection(SolutionConfigurationPlatforms) = preSolution
		Debug|Any CPU = Debug|Any CPU
		Release|Any CPU = Release|Any CPU
	EndGlobalSection
	GlobalSection(ProjectConfigurationPlatforms) = postSolution
		{8616AA95-6C57-45A2-BB29-2E7B3867A12E}.Debug|Any CPU.ActiveCfg = Debug|Any CPU
		{8616AA95-6C57-45A2-BB29-2E7B3867A12E}.Debug|Any CPU.Build.0 = Debug|Any CPU
		{8616AA95-6C57-45A2-BB29-2E7B3867A12E}.Release|Any CPU.ActiveCfg = Release|Any CPU
		{8616AA95-6C57-45A2-BB29-2E7B3867A12E}.Release|Any CPU.Build.0 = Release|Any CPU
	EndGlobalSection
	GlobalSection(SolutionProperties) = preSolution
		HideSolutionNode = FALSE
	EndGlobalSection
	GlobalSection(ExtensibilityGlobals) = postSolution
		SolutionGuid = {D22BC71E-362A-4492-91A3-6F969CB8FE5D}
	EndGlobalSection
EndGlobal
