
Microsoft Visual Studio Solution File, Format Version 12.00
# Visual Studio 15
VisualStudioVersion = 15.0.28307.136
MinimumVisualStudioVersion = 10.0.40219.1
Project("{9A19103F-16F7-4668-BE54-9A1E7A4F7556}") = "GameServer", "GameServer.csproj", "{3B2FEAA9-2EE7-4382-A762-AE6D2B03438A}"
EndProject
Global
	GlobalSection(SolutionConfigurationPlatforms) = preSolution
		Debug|Any CPU = Debug|Any CPU
		Release|Any CPU = Release|Any CPU
	EndGlobalSection
	GlobalSection(ProjectConfigurationPlatforms) = postSolution
		{3B2FEAA9-2EE7-4382-A762-AE6D2B03438A}.Debug|Any CPU.ActiveCfg = Debug|Any CPU
		{3B2FEAA9-2EE7-4382-A762-AE6D2B03438A}.Debug|Any CPU.Build.0 = Debug|Any CPU
		{3B2FEAA9-2EE7-4382-A762-AE6D2B03438A}.Release|Any CPU.ActiveCfg = Release|Any CPU
		{3B2FEAA9-2EE7-4382-A762-AE6D2B03438A}.Release|Any CPU.Build.0 = Release|Any CPU
	EndGlobalSection
	GlobalSection(SolutionProperties) = preSolution
		HideSolutionNode = FALSE
	EndGlobalSection
	GlobalSection(ExtensibilityGlobals) = postSolution
		SolutionGuid = {7E223EF0-2EB1-4972-AC4E-766BCB63BA98}
	EndGlobalSection
EndGlobal
